// !$*UTF8*$!
{
	archiveVersion = 1;
	classes = {
	};
	objectVersion = 46;
	objects = {

/* Begin PBXBuildFile section */
		1F7B067C1E1306D400ADF3E5 /* main.m in Sources */ = {isa = PBXBuildFile; fileRef = 1F7B067B1E1306D400ADF3E5 /* main.m */; };
		1F7B067F1E1306D400ADF3E5 /* AppDelegate.m in Sources */ = {isa = PBXBuildFile; fileRef = 1F7B067E1E1306D400ADF3E5 /* AppDelegate.m */; };
		1F7B06821E1306D400ADF3E5 /* ViewController.m in Sources */ = {isa = PBXBuildFile; fileRef = 1F7B06811E1306D400ADF3E5 /* ViewController.m */; };
		1F7B06851E1306D400ADF3E5 /* Main.storyboard in Resources */ = {isa = PBXBuildFile; fileRef = 1F7B06831E1306D400ADF3E5 /* Main.storyboard */; };
		1F7B06871E1306D400ADF3E5 /* Assets.xcassets in Resources */ = {isa = PBXBuildFile; fileRef = 1F7B06861E1306D400ADF3E5 /* Assets.xcassets */; };
		1F7B068A1E1306D400ADF3E5 /* LaunchScreen.storyboard in Resources */ = {isa = PBXBuildFile; fileRef = 1F7B06881E1306D400ADF3E5 /* LaunchScreen.storyboard */; };
		545E2CA91F43430C0071AD26 /* img_0.png in Resources */ = {isa = PBXBuildFile; fileRef = 545E2CA61F43430C0071AD26 /* img_0.png */; };
		545E2CAA1F43430C0071AD26 /* img_1.png in Resources */ = {isa = PBXBuildFile; fileRef = 545E2CA71F43430C0071AD26 /* img_1.png */; };
		545E2CAB1F43430C0071AD26 /* img_2.png in Resources */ = {isa = PBXBuildFile; fileRef = 545E2CA81F43430C0071AD26 /* img_2.png */; };
		545E2CAD1F4343340071AD26 /* Beacon.json in Resources */ = {isa = PBXBuildFile; fileRef = 545E2CAC1F4343340071AD26 /* Beacon.json */; };
		545E2CAF1F44A5AF0071AD26 /* Beacon2.json in Resources */ = {isa = PBXBuildFile; fileRef = 545E2CAE1F44A5AF0071AD26 /* Beacon2.json */; };
		78426611DE59FB33A2DDA607 /* libPods-ibeacon.a in Frameworks */ = {isa = PBXBuildFile; fileRef = B52F2DD63FB1CBC4894E2B62 /* libPods-ibeacon.a */; };
/* End PBXBuildFile section */

/* Begin PBXFileReference section */
		1F7B06771E1306D400ADF3E5 /* ibeacon.app */ = {isa = PBXFileReference; explicitFileType = wrapper.application; includeInIndex = 0; path = ibeacon.app; sourceTree = BUILT_PRODUCTS_DIR; };
		1F7B067B1E1306D400ADF3E5 /* main.m */ = {isa = PBXFileReference; lastKnownFileType = sourcecode.c.objc; path = main.m; sourceTree = "<group>"; };
		1F7B067D1E1306D400ADF3E5 /* AppDelegate.h */ = {isa = PBXFileReference; lastKnownFileType = sourcecode.c.h; path = AppDelegate.h; sourceTree = "<group>"; };
		1F7B067E1E1306D400ADF3E5 /* AppDelegate.m */ = {isa = PBXFileReference; lastKnownFileType = sourcecode.c.objc; path = AppDelegate.m; sourceTree = "<group>"; };
		1F7B06801E1306D400ADF3E5 /* ViewController.h */ = {isa = PBXFileReference; lastKnownFileType = sourcecode.c.h; path = ViewController.h; sourceTree = "<group>"; };
		1F7B06811E1306D400ADF3E5 /* ViewController.m */ = {isa = PBXFileReference; lastKnownFileType = sourcecode.c.objc; path = ViewController.m; sourceTree = "<group>"; };
		1F7B06841E1306D400ADF3E5 /* Base */ = {isa = PBXFileReference; lastKnownFileType = file.storyboard; name = Base; path = Base.lproj/Main.storyboard; sourceTree = "<group>"; };
		1F7B06861E1306D400ADF3E5 /* Assets.xcassets */ = {isa = PBXFileReference; lastKnownFileType = folder.assetcatalog; path = Assets.xcassets; sourceTree = "<group>"; };
		1F7B06891E1306D400ADF3E5 /* Base */ = {isa = PBXFileReference; lastKnownFileType = file.storyboard; name = Base; path = Base.lproj/LaunchScreen.storyboard; sourceTree = "<group>"; };
		1F7B068B1E1306D400ADF3E5 /* Info.plist */ = {isa = PBXFileReference; lastKnownFileType = text.plist.xml; path = Info.plist; sourceTree = "<group>"; };
		545E2CA61F43430C0071AD26 /* img_0.png */ = {isa = PBXFileReference; lastKnownFileType = image.png; name = img_0.png; path = "../../../Adobe/After Effects Animations/Beacon Animation/images/img_0.png"; sourceTree = "<group>"; };
		545E2CA71F43430C0071AD26 /* img_1.png */ = {isa = PBXFileReference; lastKnownFileType = image.png; name = img_1.png; path = "../../../Adobe/After Effects Animations/Beacon Animation/images/img_1.png"; sourceTree = "<group>"; };
		545E2CA81F43430C0071AD26 /* img_2.png */ = {isa = PBXFileReference; lastKnownFileType = image.png; name = img_2.png; path = "../../../Adobe/After Effects Animations/Beacon Animation/images/img_2.png"; sourceTree = "<group>"; };
		545E2CAC1F4343340071AD26 /* Beacon.json */ = {isa = PBXFileReference; fileEncoding = 4; lastKnownFileType = text.json; name = Beacon.json; path = "../../../Adobe/After Effects Animations/Beacon Animation/Beacon.json"; sourceTree = "<group>"; };
		545E2CAE1F44A5AF0071AD26 /* Beacon2.json */ = {isa = PBXFileReference; fileEncoding = 4; lastKnownFileType = text.json; name = Beacon2.json; path = "../../../Adobe/After Effects Animations/Beacon Animation/Beacon2.json"; sourceTree = "<group>"; };
		93E7FC76FBD350ADA203D9D4 /* Pods-ibeacon.release.xcconfig */ = {isa = PBXFileReference; includeInIndex = 1; lastKnownFileType = text.xcconfig; name = "Pods-ibeacon.release.xcconfig"; path = "Pods/Target Support Files/Pods-ibeacon/Pods-ibeacon.release.xcconfig"; sourceTree = "<group>"; };
		B52F2DD63FB1CBC4894E2B62 /* libPods-ibeacon.a */ = {isa = PBXFileReference; explicitFileType = archive.ar; includeInIndex = 0; path = "libPods-ibeacon.a"; sourceTree = BUILT_PRODUCTS_DIR; };
		E186A201F11AFC131F3CFBCF /* Pods-ibeacon.debug.xcconfig */ = {isa = PBXFileReference; includeInIndex = 1; lastKnownFileType = text.xcconfig; name = "Pods-ibeacon.debug.xcconfig"; path = "Pods/Target Support Files/Pods-ibeacon/Pods-ibeacon.debug.xcconfig"; sourceTree = "<group>"; };
/* End PBXFileReference section */

/* Begin PBXFrameworksBuildPhase section */
		1F7B06741E1306D400ADF3E5 /* Frameworks */ = {
			isa = PBXFrameworksBuildPhase;
			buildActionMask = 2147483647;
			files = (
				78426611DE59FB33A2DDA607 /* libPods-ibeacon.a in Frameworks */,
			);
			runOnlyForDeploymentPostprocessing = 0;
		};
/* End PBXFrameworksBuildPhase section */

/* Begin PBXGroup section */
		1F7B066E1E1306D400ADF3E5 = {
			isa = PBXGroup;
			children = (
				1F7B06791E1306D400ADF3E5 /* ibeacon */,
				1F7B06781E1306D400ADF3E5 /* Products */,
				C60D08252369288AD21072D9 /* Pods */,
				A631E3B6CCC1EA200B5BEA80 /* Frameworks */,
			);
			sourceTree = "<group>";
		};
		1F7B06781E1306D400ADF3E5 /* Products */ = {
			isa = PBXGroup;
			children = (
				1F7B06771E1306D400ADF3E5 /* ibeacon.app */,
			);
			name = Products;
			sourceTree = "<group>";
		};
		1F7B06791E1306D400ADF3E5 /* ibeacon */ = {
			isa = PBXGroup;
			children = (
				545E2CA31F4340EF0071AD26 /* Animation */,
				1F7B067D1E1306D400ADF3E5 /* AppDelegate.h */,
				1F7B067E1E1306D400ADF3E5 /* AppDelegate.m */,
				1F7B06801E1306D400ADF3E5 /* ViewController.h */,
				1F7B06811E1306D400ADF3E5 /* ViewController.m */,
				1F7B06831E1306D400ADF3E5 /* Main.storyboard */,
				1F7B06861E1306D400ADF3E5 /* Assets.xcassets */,
				1F7B06881E1306D400ADF3E5 /* LaunchScreen.storyboard */,
				1F7B068B1E1306D400ADF3E5 /* Info.plist */,
				1F7B067A1E1306D400ADF3E5 /* Supporting Files */,
			);
			path = ibeacon;
			sourceTree = "<group>";
		};
		1F7B067A1E1306D400ADF3E5 /* Supporting Files */ = {
			isa = PBXGroup;
			children = (
				1F7B067B1E1306D400ADF3E5 /* main.m */,
			);
			name = "Supporting Files";
			sourceTree = "<group>";
		};
		545E2CA31F4340EF0071AD26 /* Animation */ = {
			isa = PBXGroup;
			children = (
				545E2CAC1F4343340071AD26 /* Beacon.json */,
				545E2CAE1F44A5AF0071AD26 /* Beacon2.json */,
				545E2CA61F43430C0071AD26 /* img_0.png */,
				545E2CA71F43430C0071AD26 /* img_1.png */,
				545E2CA81F43430C0071AD26 /* img_2.png */,
			);
			name = Animation;
			sourceTree = "<group>";
		};
		A631E3B6CCC1EA200B5BEA80 /* Frameworks */ = {
			isa = PBXGroup;
			children = (
				B52F2DD63FB1CBC4894E2B62 /* libPods-ibeacon.a */,
			);
			name = Frameworks;
			sourceTree = "<group>";
		};
		C60D08252369288AD21072D9 /* Pods */ = {
			isa = PBXGroup;
			children = (
				E186A201F11AFC131F3CFBCF /* Pods-ibeacon.debug.xcconfig */,
				93E7FC76FBD350ADA203D9D4 /* Pods-ibeacon.release.xcconfig */,
			);
			name = Pods;
			sourceTree = "<group>";
		};
/* End PBXGroup section */

/* Begin PBXNativeTarget section */
		1F7B06761E1306D400ADF3E5 /* ibeacon */ = {
			isa = PBXNativeTarget;
			buildConfigurationList = 1F7B068E1E1306D400ADF3E5 /* Build configuration list for PBXNativeTarget "ibeacon" */;
			buildPhases = (
				8CCE9950AC2A7DC4175817AE /* [CP] Check Pods Manifest.lock */,
				1F7B06731E1306D400ADF3E5 /* Sources */,
				1F7B06741E1306D400ADF3E5 /* Frameworks */,
				1F7B06751E1306D400ADF3E5 /* Resources */,
				2DEC4B71EFF65B9610841EBE /* [CP] Embed Pods Frameworks */,
				AE2A819CF28249C5FBD5574D /* [CP] Copy Pods Resources */,
			);
			buildRules = (
			);
			dependencies = (
			);
			name = ibeacon;
			productName = ibeacon;
			productReference = 1F7B06771E1306D400ADF3E5 /* ibeacon.app */;
			productType = "com.apple.product-type.application";
		};
/* End PBXNativeTarget section */

/* Begin PBXProject section */
		1F7B066F1E1306D400ADF3E5 /* Project object */ = {
			isa = PBXProject;
			attributes = {
				LastUpgradeCheck = 0820;
				ORGANIZATIONNAME = Troyan;
				TargetAttributes = {
					1F7B06761E1306D400ADF3E5 = {
						CreatedOnToolsVersion = 8.2.1;
						DevelopmentTeam = 6H3NUKPCZ9;
						ProvisioningStyle = Automatic;
						SystemCapabilities = {
							com.apple.BackgroundModes = {
								enabled = 1;
							};
						};
					};
				};
			};
			buildConfigurationList = 1F7B06721E1306D400ADF3E5 /* Build configuration list for PBXProject "ibeacon" */;
			compatibilityVersion = "Xcode 3.2";
			developmentRegion = English;
			hasScannedForEncodings = 0;
			knownRegions = (
				en,
				Base,
			);
			mainGroup = 1F7B066E1E1306D400ADF3E5;
			productRefGroup = 1F7B06781E1306D400ADF3E5 /* Products */;
			projectDirPath = "";
			projectRoot = "";
			targets = (
				1F7B06761E1306D400ADF3E5 /* ibeacon */,
			);
		};
/* End PBXProject section */

/* Begin PBXResourcesBuildPhase section */
		1F7B06751E1306D400ADF3E5 /* Resources */ = {
			isa = PBXResourcesBuildPhase;
			buildActionMask = 2147483647;
			files = (
				545E2CAD1F4343340071AD26 /* Beacon.json in Resources */,
				545E2CA91F43430C0071AD26 /* img_0.png in Resources */,
				1F7B068A1E1306D400ADF3E5 /* LaunchScreen.storyboard in Resources */,
				1F7B06871E1306D400ADF3E5 /* Assets.xcassets in Resources */,
				1F7B06851E1306D400ADF3E5 /* Main.storyboard in Resources */,
				545E2CAB1F43430C0071AD26 /* img_2.png in Resources */,
				545E2CAF1F44A5AF0071AD26 /* Beacon2.json in Resources */,
				545E2CAA1F43430C0071AD26 /* img_1.png in Resources */,
			);
			runOnlyForDeploymentPostprocessing = 0;
		};
/* End PBXResourcesBuildPhase section */

/* Begin PBXShellScriptBuildPhase section */
		2DEC4B71EFF65B9610841EBE /* [CP] Embed Pods Frameworks */ = {
			isa = PBXShellScriptBuildPhase;
			buildActionMask = 2147483647;
			files = (
			);
			inputPaths = (
			);
			name = "[CP] Embed Pods Frameworks";
			outputPaths = (
			);
			runOnlyForDeploymentPostprocessing = 0;
			shellPath = /bin/sh;
			shellScript = "\"${SRCROOT}/Pods/Target Support Files/Pods-ibeacon/Pods-ibeacon-frameworks.sh\"\n";
			showEnvVarsInLog = 0;
		};
		8CCE9950AC2A7DC4175817AE /* [CP] Check Pods Manifest.lock */ = {
			isa = PBXShellScriptBuildPhase;
			buildActionMask = 2147483647;
			files = (
			);
			inputPaths = (
			);
			name = "[CP] Check Pods Manifest.lock";
			outputPaths = (
			);
			runOnlyForDeploymentPostprocessing = 0;
			shellPath = /bin/sh;
			shellScript = "diff \"${PODS_PODFILE_DIR_PATH}/Podfile.lock\" \"${PODS_ROOT}/Manifest.lock\" > /dev/null\nif [ $? != 0 ] ; then\n    # print error to STDERR\n    echo \"error: The sandbox is not in sync with the Podfile.lock. Run 'pod install' or update your CocoaPods installation.\" >&2\n    exit 1\nfi\n";
			showEnvVarsInLog = 0;
		};
		AE2A819CF28249C5FBD5574D /* [CP] Copy Pods Resources */ = {
			isa = PBXShellScriptBuildPhase;
			buildActionMask = 2147483647;
			files = (
			);
			inputPaths = (
			);
			name = "[CP] Copy Pods Resources";
			outputPaths = (
			);
			runOnlyForDeploymentPostprocessing = 0;
			shellPath = /bin/sh;
			shellScript = "\"${SRCROOT}/Pods/Target Support Files/Pods-ibeacon/Pods-ibeacon-resources.sh\"\n";
			showEnvVarsInLog = 0;
		};
/* End PBXShellScriptBuildPhase section */

/* Begin PBXSourcesBuildPhase section */
		1F7B06731E1306D400ADF3E5 /* Sources */ = {
			isa = PBXSourcesBuildPhase;
			buildActionMask = 2147483647;
			files = (
				1F7B06821E1306D400ADF3E5 /* ViewController.m in Sources */,
				1F7B067F1E1306D400ADF3E5 /* AppDelegate.m in Sources */,
				1F7B067C1E1306D400ADF3E5 /* main.m in Sources */,
			);
			runOnlyForDeploymentPostprocessing = 0;
		};
/* End PBXSourcesBuildPhase section */

/* Begin PBXVariantGroup section */
		1F7B06831E1306D400ADF3E5 /* Main.storyboard */ = {
			isa = PBXVariantGroup;
			children = (
				1F7B06841E1306D400ADF3E5 /* Base */,
			);
			name = Main.storyboard;
			sourceTree = "<group>";
		};
		1F7B06881E1306D400ADF3E5 /* LaunchScreen.storyboard */ = {
			isa = PBXVariantGroup;
			children = (
				1F7B06891E1306D400ADF3E5 /* Base */,
			);
			name = LaunchScreen.storyboard;
			sourceTree = "<group>";
		};
/* End PBXVariantGroup section */

/* Begin XCBuildConfiguration section */
		1F7B068C1E1306D400ADF3E5 /* Debug */ = {
			isa = XCBuildConfiguration;
			buildSettings = {
				ALWAYS_SEARCH_USER_PATHS = NO;
				CLANG_ANALYZER_NONNULL = YES;
				CLANG_CXX_LANGUAGE_STANDARD = "gnu++0x";
				CLANG_CXX_LIBRARY = "libc++";
				CLANG_ENABLE_MODULES = YES;
				CLANG_ENABLE_OBJC_ARC = YES;
				CLANG_WARN_BOOL_CONVERSION = YES;
				CLANG_WARN_CONSTANT_CONVERSION = YES;
				CLANG_WARN_DIRECT_OBJC_ISA_USAGE = YES_ERROR;
				CLANG_WARN_DOCUMENTATION_COMMENTS = YES;
				CLANG_WARN_EMPTY_BODY = YES;
				CLANG_WARN_ENUM_CONVERSION = YES;
				CLANG_WARN_INFINITE_RECURSION = YES;
				CLANG_WARN_INT_CONVERSION = YES;
				CLANG_WARN_OBJC_ROOT_CLASS = YES_ERROR;
				CLANG_WARN_SUSPICIOUS_MOVE = YES;
				CLANG_WARN_UNREACHABLE_CODE = YES;
				CLANG_WARN__DUPLICATE_METHOD_MATCH = YES;
				"CODE_SIGN_IDENTITY[sdk=iphoneos*]" = "iPhone Developer";
				COPY_PHASE_STRIP = NO;
				DEBUG_INFORMATION_FORMAT = dwarf;
				ENABLE_STRICT_OBJC_MSGSEND = YES;
				ENABLE_TESTABILITY = YES;
				GCC_C_LANGUAGE_STANDARD = gnu99;
				GCC_DYNAMIC_NO_PIC = NO;
				GCC_NO_COMMON_BLOCKS = YES;
				GCC_OPTIMIZATION_LEVEL = 0;
				GCC_PREPROCESSOR_DEFINITIONS = (
					"DEBUG=1",
					"$(inherited)",
				);
				GCC_WARN_64_TO_32_BIT_CONVERSION = YES;
				GCC_WARN_ABOUT_RETURN_TYPE = YES_ERROR;
				GCC_WARN_UNDECLARED_SELECTOR = YES;
				GCC_WARN_UNINITIALIZED_AUTOS = YES_AGGRESSIVE;
				GCC_WARN_UNUSED_FUNCTION = YES;
				GCC_WARN_UNUSED_VARIABLE = YES;
				IPHONEOS_DEPLOYMENT_TARGET = 10.0;
				MTL_ENABLE_DEBUG_INFO = YES;
				ONLY_ACTIVE_ARCH = YES;
				SDKROOT = iphoneos;
				TARGETED_DEVICE_FAMILY = "1,2";
			};
			name = Debug;
		};
		1F7B068D1E1306D400ADF3E5 /* Release */ = {
			isa = XCBuildConfiguration;
			buildSettings = {
				ALWAYS_SEARCH_USER_PATHS = NO;
				CLANG_ANALYZER_NONNULL = YES;
				CLANG_CXX_LANGUAGE_STANDARD = "gnu++0x";
				CLANG_CXX_LIBRARY = "libc++";
				CLANG_ENABLE_MODULES = YES;
				CLANG_ENABLE_OBJC_ARC = YES;
				CLANG_WARN_BOOL_CONVERSION = YES;
				CLANG_WARN_CONSTANT_CONVERSION = YES;
				CLANG_WARN_DIRECT_OBJC_ISA_USAGE = YES_ERROR;
				CLANG_WARN_DOCUMENTATION_COMMENTS = YES;
				CLANG_WARN_EMPTY_BODY = YES;
				CLANG_WARN_ENUM_CONVERSION = YES;
				CLANG_WARN_INFINITE_RECURSION = YES;
				CLANG_WARN_INT_CONVERSION = YES;
				CLANG_WARN_OBJC_ROOT_CLASS = YES_ERROR;
				CLANG_WARN_SUSPICIOUS_MOVE = YES;
				CLANG_WARN_UNREACHABLE_CODE = YES;
				CLANG_WARN__DUPLICATE_METHOD_MATCH = YES;
				"CODE_SIGN_IDENTITY[sdk=iphoneos*]" = "iPhone Developer";
				COPY_PHASE_STRIP = NO;
				DEBUG_INFORMATION_FORMAT = "dwarf-with-dsym";
				ENABLE_NS_ASSERTIONS = NO;
				ENABLE_STRICT_OBJC_MSGSEND = YES;
				GCC_C_LANGUAGE_STANDARD = gnu99;
				GCC_NO_COMMON_BLOCKS = YES;
				GCC_WARN_64_TO_32_BIT_CONVERSION = YES;
				GCC_WARN_ABOUT_RETURN_TYPE = YES_ERROR;
				GCC_WARN_UNDECLARED_SELECTOR = YES;
				GCC_WARN_UNINITIALIZED_AUTOS = YES_AGGRESSIVE;
				GCC_WARN_UNUSED_FUNCTION = YES;
				GCC_WARN_UNUSED_VARIABLE = YES;
				IPHONEOS_DEPLOYMENT_TARGET = 10.0;
				MTL_ENABLE_DEBUG_INFO = NO;
				SDKROOT = iphoneos;
				TARGETED_DEVICE_FAMILY = "1,2";
				VALIDATE_PRODUCT = YES;
			};
			name = Release;
		};
		1F7B068F1E1306D400ADF3E5 /* Debug */ = {
			isa = XCBuildConfiguration;
			baseConfigurationReference = E186A201F11AFC131F3CFBCF /* Pods-ibeacon.debug.xcconfig */;
			buildSettings = {
				ASSETCATALOG_COMPILER_APPICON_NAME = AppIcon;
				"CODE_SIGN_IDENTITY[sdk=iphoneos*]" = "iPhone Developer";
				DEVELOPMENT_TEAM = 6H3NUKPCZ9;
				INFOPLIST_FILE = ibeacon/Info.plist;
				IPHONEOS_DEPLOYMENT_TARGET = 9.0;
				LD_RUNPATH_SEARCH_PATHS = "$(inherited) @executable_path/Frameworks";
				PRODUCT_BUNDLE_IDENTIFIER = com.givesafe.GiveSafePointofSale;
				PRODUCT_NAME = "$(TARGET_NAME)";
				PROVISIONING_PROFILE_SPECIFIER = "";
			};
			name = Debug;
		};
		1F7B06901E1306D400ADF3E5 /* Release */ = {
			isa = XCBuildConfiguration;
			baseConfigurationReference = 93E7FC76FBD350ADA203D9D4 /* Pods-ibeacon.release.xcconfig */;
			buildSettings = {
				ASSETCATALOG_COMPILER_APPICON_NAME = AppIcon;
				"CODE_SIGN_IDENTITY[sdk=iphoneos*]" = "iPhone Developer";
				DEVELOPMENT_TEAM = 6H3NUKPCZ9;
				INFOPLIST_FILE = ibeacon/Info.plist;
				IPHONEOS_DEPLOYMENT_TARGET = 9.0;
				LD_RUNPATH_SEARCH_PATHS = "$(inherited) @executable_path/Frameworks";
				PRODUCT_BUNDLE_IDENTIFIER = com.givesafe.GiveSafePointofSale;
				PRODUCT_NAME = "$(TARGET_NAME)";
				PROVISIONING_PROFILE_SPECIFIER = "";
			};
			name = Release;
		};
/* End XCBuildConfiguration section */

/* Begin XCConfigurationList section */
		1F7B06721E1306D400ADF3E5 /* Build configuration list for PBXProject "ibeacon" */ = {
			isa = XCConfigurationList;
			buildConfigurations = (
				1F7B068C1E1306D400ADF3E5 /* Debug */,
				1F7B068D1E1306D400ADF3E5 /* Release */,
			);
			defaultConfigurationIsVisible = 0;
			defaultConfigurationName = Release;
		};
		1F7B068E1E1306D400ADF3E5 /* Build configuration list for PBXNativeTarget "ibeacon" */ = {
			isa = XCConfigurationList;
			buildConfigurations = (
				1F7B068F1E1306D400ADF3E5 /* Debug */,
				1F7B06901E1306D400ADF3E5 /* Release */,
			);
			defaultConfigurationIsVisible = 0;
			defaultConfigurationName = Release;
		};
/* End XCConfigurationList section */
	};
	rootObject = 1F7B066F1E1306D400ADF3E5 /* Project object */;
}
